uuid: f4460072-0303-42c8-bbda-5d0ceab6d453
langcode: en
status: true
dependencies:
  module:
    - custom_features
  theme:
    - mytheme
id: productblock
theme: mytheme
region: sidebar
weight: 0
provider: null
plugin: custom_features_product_block
settings:
  id: custom_features_product_block
  label: ProductBlock
  label_display: visible
  provider: custom_features
visibility: {  }
